
Microsoft Visual Studio Solution File, Format Version 12.00
# Visual Studio Version 17
VisualStudioVersion = 17.5.002.0
MinimumVisualStudioVersion = 10.0.40219.1
Project("{9A19103F-16F7-4668-BE54-9A1E7A4F7556}") = "SmsRateLimiter", "SmsRateLimiter\SmsRateLimiter.csproj", "{3FC2287D-4994-49E1-BAAF-7BA253FCC5BB}"
EndProject
Global
	GlobalSection(SolutionConfigurationPlatforms) = preSolution
		Debug|Any CPU = Debug|Any CPU
		Release|Any CPU = Release|Any CPU
	EndGlobalSection
	GlobalSection(ProjectConfigurationPlatforms) = postSolution
		{3FC2287D-4994-49E1-BAAF-7BA253FCC5BB}.Debug|Any CPU.ActiveCfg = Debug|Any CPU
		{3FC2287D-4994-49E1-BAAF-7BA253FCC5BB}.Debug|Any CPU.Build.0 = Debug|Any CPU
		{3FC2287D-4994-49E1-BAAF-7BA253FCC5BB}.Release|Any CPU.ActiveCfg = Release|Any CPU
		{3FC2287D-4994-49E1-BAAF-7BA253FCC5BB}.Release|Any CPU.Build.0 = Release|Any CPU
	EndGlobalSection
	GlobalSection(SolutionProperties) = preSolution
		HideSolutionNode = FALSE
	EndGlobalSection
	GlobalSection(ExtensibilityGlobals) = postSolution
		SolutionGuid = {2D9DE2FE-A3A8-47A9-BBF4-E9A40C4C21DB}
	EndGlobalSection
EndGlobal
